PODS:
  - R.swift (7.8.0)
  - RxBlocking (6.9.0):
    - RxSwift (= 6.9.0)
  - RxCocoa (6.9.0):
    - RxRelay (= 6.9.0)
    - RxSwift (= 6.9.0)
  - RxRelay (6.9.0):
    - RxSwift (= 6.9.0)
  - RxSwift (6.9.0)
  - RxTest (6.9.0):
    - RxSwift (= 6.9.0)
  - SwiftLint (0.58.1)

DEPENDENCIES:
  - R.swift
  - RxBlocking (= 6.9.0)
  - RxCocoa (= 6.9.0)
  - RxSwift (= 6.9.0)
  - RxTest (= 6.9.0)
  - SwiftLint

SPEC REPOS:
  trunk:
    - R.swift
    - RxBlocking
    - RxCocoa
    - RxRelay
    - RxSwift
    - RxTest
    - SwiftLint

SPEC CHECKSUMS:
  R.swift: f573269ca45b2ab066c082e363dd4c2b297b0d71
  RxBlocking: 5d2b26d019b6ba9eb3f58638611f124609c44822
  RxCocoa: ac16414696ae706516be3e1ab00fcce5bdc9be8a
  RxRelay: 6b0c930e5cef57d5fe2032571e5e65b78e3cbdb1
  RxSwift: 31649ace6aceeb422e16ff71c60804f9c3281ed9
  RxTest: fa7749822359a10a19b9fa32b80dbe608e4ce44e
  SwiftLint: 6c8820d22c8f74baadd5684e00bb7356c34610a1

PODFILE CHECKSUM: 67433a6894906f9a81810161b781fe41615e5fed

COCOAPODS: 1.15.2
