// !$*UTF8*$!
{
	archiveVersion = 1;
	classes = {
	};
	objectVersion = 56;
	objects = {

/* Begin PBXBuildFile section */
		93B1C65A2D7252E800E790ED /* AppDelegate.swift in Sources */ = {isa = PBXBuildFile; fileRef = 93B1C6592D7252E800E790ED /* AppDelegate.swift */; };
		93B1C65C2D7252E800E790ED /* SceneDelegate.swift in Sources */ = {isa = PBXBuildFile; fileRef = 93B1C65B2D7252E800E790ED /* SceneDelegate.swift */; };
		93B1C65E2D7252E800E790ED /* ViewController.swift in Sources */ = {isa = PBXBuildFile; fileRef = 93B1C65D2D7252E800E790ED /* ViewController.swift */; };
		93B1C6612D7252E800E790ED /* Base in Resources */ = {isa = PBXBuildFile; fileRef = 93B1C6602D7252E800E790ED /* Base */; };
		93B1C6642D7252E800E790ED /* CryptoTrackerRxSwift.xcdatamodeld in Sources */ = {isa = PBXBuildFile; fileRef = 93B1C6622D7252E800E790ED /* CryptoTrackerRxSwift.xcdatamodeld */; };
		93B1C6662D7252EA00E790ED /* Assets.xcassets in Resources */ = {isa = PBXBuildFile; fileRef = 93B1C6652D7252EA00E790ED /* Assets.xcassets */; };
		93B1C6692D7252EA00E790ED /* Base in Resources */ = {isa = PBXBuildFile; fileRef = 93B1C6682D7252EA00E790ED /* Base */; };
		93B1C6742D7252EA00E790ED /* CryptoTrackerRxSwiftTests.swift in Sources */ = {isa = PBXBuildFile; fileRef = 93B1C6732D7252EA00E790ED /* CryptoTrackerRxSwiftTests.swift */; };
		93B1C67E2D7252EA00E790ED /* CryptoTrackerRxSwiftUITests.swift in Sources */ = {isa = PBXBuildFile; fileRef = 93B1C67D2D7252EA00E790ED /* CryptoTrackerRxSwiftUITests.swift */; };
		93B1C6802D7252EA00E790ED /* CryptoTrackerRxSwiftUITestsLaunchTests.swift in Sources */ = {isa = PBXBuildFile; fileRef = 93B1C67F2D7252EA00E790ED /* CryptoTrackerRxSwiftUITestsLaunchTests.swift */; };
		93B1C6922D725A8600E790ED /* R.generated.swift in Sources */ = {isa = PBXBuildFile; fileRef = 93B1C6912D725A8600E790ED /* R.generated.swift */; };
		9C6CFF215F4C527ECFBA4B19 /* Pods_CryptoTrackerRxSwift.framework in Frameworks */ = {isa = PBXBuildFile; fileRef = 710A2AC2DD7BE092A066A04F /* Pods_CryptoTrackerRxSwift.framework */; };
/* End PBXBuildFile section */

/* Begin PBXContainerItemProxy section */
		93B1C6702D7252EA00E790ED /* PBXContainerItemProxy */ = {
			isa = PBXContainerItemProxy;
			containerPortal = 93B1C64E2D7252E800E790ED /* Project object */;
			proxyType = 1;
			remoteGlobalIDString = 93B1C6552D7252E800E790ED;
			remoteInfo = CryptoTrackerRxSwift;
		};
		93B1C67A2D7252EA00E790ED /* PBXContainerItemProxy */ = {
			isa = PBXContainerItemProxy;
			containerPortal = 93B1C64E2D7252E800E790ED /* Project object */;
			proxyType = 1;
			remoteGlobalIDString = 93B1C6552D7252E800E790ED;
			remoteInfo = CryptoTrackerRxSwift;
		};
/* End PBXContainerItemProxy section */

/* Begin PBXFileReference section */
		6C87ED3C7C9F31AC2CB47267 /* Pods-CryptoTrackerRxSwift.debug.xcconfig */ = {isa = PBXFileReference; includeInIndex = 1; lastKnownFileType = text.xcconfig; name = "Pods-CryptoTrackerRxSwift.debug.xcconfig"; path = "Target Support Files/Pods-CryptoTrackerRxSwift/Pods-CryptoTrackerRxSwift.debug.xcconfig"; sourceTree = "<group>"; };
		710A2AC2DD7BE092A066A04F /* Pods_CryptoTrackerRxSwift.framework */ = {isa = PBXFileReference; explicitFileType = wrapper.framework; includeInIndex = 0; path = Pods_CryptoTrackerRxSwift.framework; sourceTree = BUILT_PRODUCTS_DIR; };
		93B1C6562D7252E800E790ED /* CryptoTrackerRxSwift.app */ = {isa = PBXFileReference; explicitFileType = wrapper.application; includeInIndex = 0; path = CryptoTrackerRxSwift.app; sourceTree = BUILT_PRODUCTS_DIR; };
		93B1C6592D7252E800E790ED /* AppDelegate.swift */ = {isa = PBXFileReference; lastKnownFileType = sourcecode.swift; path = AppDelegate.swift; sourceTree = "<group>"; };
		93B1C65B2D7252E800E790ED /* SceneDelegate.swift */ = {isa = PBXFileReference; lastKnownFileType = sourcecode.swift; path = SceneDelegate.swift; sourceTree = "<group>"; };
		93B1C65D2D7252E800E790ED /* ViewController.swift */ = {isa = PBXFileReference; lastKnownFileType = sourcecode.swift; path = ViewController.swift; sourceTree = "<group>"; };
		93B1C6602D7252E800E790ED /* Base */ = {isa = PBXFileReference; lastKnownFileType = file.storyboard; name = Base; path = Base.lproj/Main.storyboard; sourceTree = "<group>"; };
		93B1C6632D7252E800E790ED /* CryptoTrackerRxSwift.xcdatamodel */ = {isa = PBXFileReference; lastKnownFileType = wrapper.xcdatamodel; path = CryptoTrackerRxSwift.xcdatamodel; sourceTree = "<group>"; };
		93B1C6652D7252EA00E790ED /* Assets.xcassets */ = {isa = PBXFileReference; lastKnownFileType = folder.assetcatalog; path = Assets.xcassets; sourceTree = "<group>"; };
		93B1C6682D7252EA00E790ED /* Base */ = {isa = PBXFileReference; lastKnownFileType = file.storyboard; name = Base; path = Base.lproj/LaunchScreen.storyboard; sourceTree = "<group>"; };
		93B1C66A2D7252EA00E790ED /* Info.plist */ = {isa = PBXFileReference; lastKnownFileType = text.plist.xml; path = Info.plist; sourceTree = "<group>"; };
		93B1C66F2D7252EA00E790ED /* CryptoTrackerRxSwiftTests.xctest */ = {isa = PBXFileReference; explicitFileType = wrapper.cfbundle; includeInIndex = 0; path = CryptoTrackerRxSwiftTests.xctest; sourceTree = BUILT_PRODUCTS_DIR; };
		93B1C6732D7252EA00E790ED /* CryptoTrackerRxSwiftTests.swift */ = {isa = PBXFileReference; lastKnownFileType = sourcecode.swift; path = CryptoTrackerRxSwiftTests.swift; sourceTree = "<group>"; };
		93B1C6792D7252EA00E790ED /* CryptoTrackerRxSwiftUITests.xctest */ = {isa = PBXFileReference; explicitFileType = wrapper.cfbundle; includeInIndex = 0; path = CryptoTrackerRxSwiftUITests.xctest; sourceTree = BUILT_PRODUCTS_DIR; };
		93B1C67D2D7252EA00E790ED /* CryptoTrackerRxSwiftUITests.swift */ = {isa = PBXFileReference; lastKnownFileType = sourcecode.swift; path = CryptoTrackerRxSwiftUITests.swift; sourceTree = "<group>"; };
		93B1C67F2D7252EA00E790ED /* CryptoTrackerRxSwiftUITestsLaunchTests.swift */ = {isa = PBXFileReference; lastKnownFileType = sourcecode.swift; path = CryptoTrackerRxSwiftUITestsLaunchTests.swift; sourceTree = "<group>"; };
		93B1C6912D725A8600E790ED /* R.generated.swift */ = {isa = PBXFileReference; fileEncoding = 4; lastKnownFileType = sourcecode.swift; path = R.generated.swift; sourceTree = "<group>"; };
		E8A94FE6C7D22A08FB2D3524 /* Pods-CryptoTrackerRxSwift.release.xcconfig */ = {isa = PBXFileReference; includeInIndex = 1; lastKnownFileType = text.xcconfig; name = "Pods-CryptoTrackerRxSwift.release.xcconfig"; path = "Target Support Files/Pods-CryptoTrackerRxSwift/Pods-CryptoTrackerRxSwift.release.xcconfig"; sourceTree = "<group>"; };
/* End PBXFileReference section */

/* Begin PBXFrameworksBuildPhase section */
		93B1C6532D7252E800E790ED /* Frameworks */ = {
			isa = PBXFrameworksBuildPhase;
			buildActionMask = 2147483647;
			files = (
				9C6CFF215F4C527ECFBA4B19 /* Pods_CryptoTrackerRxSwift.framework in Frameworks */,
			);
			runOnlyForDeploymentPostprocessing = 0;
		};
		93B1C66C2D7252EA00E790ED /* Frameworks */ = {
			isa = PBXFrameworksBuildPhase;
			buildActionMask = 2147483647;
			files = (
			);
			runOnlyForDeploymentPostprocessing = 0;
		};
		93B1C6762D7252EA00E790ED /* Frameworks */ = {
			isa = PBXFrameworksBuildPhase;
			buildActionMask = 2147483647;
			files = (
			);
			runOnlyForDeploymentPostprocessing = 0;
		};
/* End PBXFrameworksBuildPhase section */

/* Begin PBXGroup section */
		580C8330BC54FC45FCB2BAC6 /* Frameworks */ = {
			isa = PBXGroup;
			children = (
				710A2AC2DD7BE092A066A04F /* Pods_CryptoTrackerRxSwift.framework */,
			);
			name = Frameworks;
			sourceTree = "<group>";
		};
		93B1C64D2D7252E800E790ED = {
			isa = PBXGroup;
			children = (
				93B1C6582D7252E800E790ED /* CryptoTrackerRxSwift */,
				93B1C6722D7252EA00E790ED /* CryptoTrackerRxSwiftTests */,
				93B1C67C2D7252EA00E790ED /* CryptoTrackerRxSwiftUITests */,
				93B1C6572D7252E800E790ED /* Products */,
				DF9294BB97C3E93530DCE170 /* Pods */,
				580C8330BC54FC45FCB2BAC6 /* Frameworks */,
			);
			sourceTree = "<group>";
		};
		93B1C6572D7252E800E790ED /* Products */ = {
			isa = PBXGroup;
			children = (
				93B1C6562D7252E800E790ED /* CryptoTrackerRxSwift.app */,
				93B1C66F2D7252EA00E790ED /* CryptoTrackerRxSwiftTests.xctest */,
				93B1C6792D7252EA00E790ED /* CryptoTrackerRxSwiftUITests.xctest */,
			);
			name = Products;
			sourceTree = "<group>";
		};
		93B1C6582D7252E800E790ED /* CryptoTrackerRxSwift */ = {
			isa = PBXGroup;
			children = (
				93B1C6592D7252E800E790ED /* AppDelegate.swift */,
				93B1C65B2D7252E800E790ED /* SceneDelegate.swift */,
				93B1C65D2D7252E800E790ED /* ViewController.swift */,
				93B1C66A2D7252EA00E790ED /* Info.plist */,
				93B1C6902D725A0100E790ED /* Resources */,
				93B1C6912D725A8600E790ED /* R.generated.swift */,
				93B1C6622D7252E800E790ED /* CryptoTrackerRxSwift.xcdatamodeld */,
			);
			path = CryptoTrackerRxSwift;
			sourceTree = "<group>";
		};
		93B1C6722D7252EA00E790ED /* CryptoTrackerRxSwiftTests */ = {
			isa = PBXGroup;
			children = (
				93B1C6732D7252EA00E790ED /* CryptoTrackerRxSwiftTests.swift */,
			);
			path = CryptoTrackerRxSwiftTests;
			sourceTree = "<group>";
		};
		93B1C67C2D7252EA00E790ED /* CryptoTrackerRxSwiftUITests */ = {
			isa = PBXGroup;
			children = (
				93B1C67D2D7252EA00E790ED /* CryptoTrackerRxSwiftUITests.swift */,
				93B1C67F2D7252EA00E790ED /* CryptoTrackerRxSwiftUITestsLaunchTests.swift */,
			);
			path = CryptoTrackerRxSwiftUITests;
			sourceTree = "<group>";
		};
		93B1C6902D725A0100E790ED /* Resources */ = {
			isa = PBXGroup;
			children = (
				93B1C6652D7252EA00E790ED /* Assets.xcassets */,
				93B1C65F2D7252E800E790ED /* Main.storyboard */,
				93B1C6672D7252EA00E790ED /* LaunchScreen.storyboard */,
			);
			path = Resources;
			sourceTree = "<group>";
		};
		DF9294BB97C3E93530DCE170 /* Pods */ = {
			isa = PBXGroup;
			children = (
				6C87ED3C7C9F31AC2CB47267 /* Pods-CryptoTrackerRxSwift.debug.xcconfig */,
				E8A94FE6C7D22A08FB2D3524 /* Pods-CryptoTrackerRxSwift.release.xcconfig */,
			);
			path = Pods;
			sourceTree = "<group>";
		};
/* End PBXGroup section */

/* Begin PBXNativeTarget section */
		93B1C6552D7252E800E790ED /* CryptoTrackerRxSwift */ = {
			isa = PBXNativeTarget;
			buildConfigurationList = 93B1C6832D7252EA00E790ED /* Build configuration list for PBXNativeTarget "CryptoTrackerRxSwift" */;
			buildPhases = (
				FB9B8D19168A1A71350708B0 /* [CP] Check Pods Manifest.lock */,
				93B1C68D2D7257B100E790ED /* SwiftLint */,
				93B1C68C2D72576B00E790ED /* R.Swift */,
				93B1C6522D7252E800E790ED /* Sources */,
				93B1C6532D7252E800E790ED /* Frameworks */,
				93B1C6542D7252E800E790ED /* Resources */,
				FC04003FE0B3CB8AC1422405 /* [CP] Embed Pods Frameworks */,
			);
			buildRules = (
			);
			dependencies = (
			);
			name = CryptoTrackerRxSwift;
			productName = CryptoTrackerRxSwift;
			productReference = 93B1C6562D7252E800E790ED /* CryptoTrackerRxSwift.app */;
			productType = "com.apple.product-type.application";
		};
		93B1C66E2D7252EA00E790ED /* CryptoTrackerRxSwiftTests */ = {
			isa = PBXNativeTarget;
			buildConfigurationList = 93B1C6862D7252EA00E790ED /* Build configuration list for PBXNativeTarget "CryptoTrackerRxSwiftTests" */;
			buildPhases = (
				93B1C66B2D7252EA00E790ED /* Sources */,
				93B1C66C2D7252EA00E790ED /* Frameworks */,
				93B1C66D2D7252EA00E790ED /* Resources */,
			);
			buildRules = (
			);
			dependencies = (
				93B1C6712D7252EA00E790ED /* PBXTargetDependency */,
			);
			name = CryptoTrackerRxSwiftTests;
			productName = CryptoTrackerRxSwiftTests;
			productReference = 93B1C66F2D7252EA00E790ED /* CryptoTrackerRxSwiftTests.xctest */;
			productType = "com.apple.product-type.bundle.unit-test";
		};
		93B1C6782D7252EA00E790ED /* CryptoTrackerRxSwiftUITests */ = {
			isa = PBXNativeTarget;
			buildConfigurationList = 93B1C6892D7252EA00E790ED /* Build configuration list for PBXNativeTarget "CryptoTrackerRxSwiftUITests" */;
			buildPhases = (
				93B1C6752D7252EA00E790ED /* Sources */,
				93B1C6762D7252EA00E790ED /* Frameworks */,
				93B1C6772D7252EA00E790ED /* Resources */,
			);
			buildRules = (
			);
			dependencies = (
				93B1C67B2D7252EA00E790ED /* PBXTargetDependency */,
			);
			name = CryptoTrackerRxSwiftUITests;
			productName = CryptoTrackerRxSwiftUITests;
			productReference = 93B1C6792D7252EA00E790ED /* CryptoTrackerRxSwiftUITests.xctest */;
			productType = "com.apple.product-type.bundle.ui-testing";
		};
/* End PBXNativeTarget section */

/* Begin PBXProject section */
		93B1C64E2D7252E800E790ED /* Project object */ = {
			isa = PBXProject;
			attributes = {
				BuildIndependentTargetsInParallel = 1;
				LastSwiftUpdateCheck = 1540;
				LastUpgradeCheck = 1540;
				TargetAttributes = {
					93B1C6552D7252E800E790ED = {
						CreatedOnToolsVersion = 15.4;
					};
					93B1C66E2D7252EA00E790ED = {
						CreatedOnToolsVersion = 15.4;
						TestTargetID = 93B1C6552D7252E800E790ED;
					};
					93B1C6782D7252EA00E790ED = {
						CreatedOnToolsVersion = 15.4;
						TestTargetID = 93B1C6552D7252E800E790ED;
					};
				};
			};
			buildConfigurationList = 93B1C6512D7252E800E790ED /* Build configuration list for PBXProject "CryptoTrackerRxSwift" */;
			compatibilityVersion = "Xcode 14.0";
			developmentRegion = en;
			hasScannedForEncodings = 0;
			knownRegions = (
				en,
				Base,
			);
			mainGroup = 93B1C64D2D7252E800E790ED;
			productRefGroup = 93B1C6572D7252E800E790ED /* Products */;
			projectDirPath = "";
			projectRoot = "";
			targets = (
				93B1C6552D7252E800E790ED /* CryptoTrackerRxSwift */,
				93B1C66E2D7252EA00E790ED /* CryptoTrackerRxSwiftTests */,
				93B1C6782D7252EA00E790ED /* CryptoTrackerRxSwiftUITests */,
			);
		};
/* End PBXProject section */

/* Begin PBXResourcesBuildPhase section */
		93B1C6542D7252E800E790ED /* Resources */ = {
			isa = PBXResourcesBuildPhase;
			buildActionMask = 2147483647;
			files = (
				93B1C6662D7252EA00E790ED /* Assets.xcassets in Resources */,
				93B1C6692D7252EA00E790ED /* Base in Resources */,
				93B1C6612D7252E800E790ED /* Base in Resources */,
			);
			runOnlyForDeploymentPostprocessing = 0;
		};
		93B1C66D2D7252EA00E790ED /* Resources */ = {
			isa = PBXResourcesBuildPhase;
			buildActionMask = 2147483647;
			files = (
			);
			runOnlyForDeploymentPostprocessing = 0;
		};
		93B1C6772D7252EA00E790ED /* Resources */ = {
			isa = PBXResourcesBuildPhase;
			buildActionMask = 2147483647;
			files = (
			);
			runOnlyForDeploymentPostprocessing = 0;
		};
/* End PBXResourcesBuildPhase section */

/* Begin PBXShellScriptBuildPhase section */
		93B1C68C2D72576B00E790ED /* R.Swift */ = {
			isa = PBXShellScriptBuildPhase;
			alwaysOutOfDate = 1;
			buildActionMask = 2147483647;
			files = (
			);
			inputFileListPaths = (
			);
			inputPaths = (
			);
			name = R.Swift;
			outputFileListPaths = (
			);
			outputPaths = (
				$SRCROOT/R.generated.swift,
			);
			runOnlyForDeploymentPostprocessing = 0;
			shellPath = /bin/sh;
			shellScript = "\"$PODS_ROOT/R.swift/rswift\" generate \"$SRCROOT/CryptoTrackerRxSwift/R.generated.swift\"\n";
		};
		93B1C68D2D7257B100E790ED /* SwiftLint */ = {
			isa = PBXShellScriptBuildPhase;
			buildActionMask = 2147483647;
			files = (
			);
			inputFileListPaths = (
			);
			inputPaths = (
			);
			name = SwiftLint;
			outputFileListPaths = (
			);
			outputPaths = (
			);
			runOnlyForDeploymentPostprocessing = 0;
			shellPath = /bin/sh;
			shellScript = "if which swiftlint >/dev/null; then\n  swiftlint\nelse\n  echo \"warning: SwiftLint not installed, download from https://github.com/realm/SwiftLint\"\nfi\n";
		};
		FB9B8D19168A1A71350708B0 /* [CP] Check Pods Manifest.lock */ = {
			isa = PBXShellScriptBuildPhase;
			buildActionMask = 2147483647;
			files = (
			);
			inputFileListPaths = (
			);
			inputPaths = (
				"${PODS_PODFILE_DIR_PATH}/Podfile.lock",
				"${PODS_ROOT}/Manifest.lock",
			);
			name = "[CP] Check Pods Manifest.lock";
			outputFileListPaths = (
			);
			outputPaths = (
				"$(DERIVED_FILE_DIR)/Pods-CryptoTrackerRxSwift-checkManifestLockResult.txt",
			);
			runOnlyForDeploymentPostprocessing = 0;
			shellPath = /bin/sh;
			shellScript = "diff \"${PODS_PODFILE_DIR_PATH}/Podfile.lock\" \"${PODS_ROOT}/Manifest.lock\" > /dev/null\nif [ $? != 0 ] ; then\n    # print error to STDERR\n    echo \"error: The sandbox is not in sync with the Podfile.lock. Run 'pod install' or update your CocoaPods installation.\" >&2\n    exit 1\nfi\n# This output is used by Xcode 'outputs' to avoid re-running this script phase.\necho \"SUCCESS\" > \"${SCRIPT_OUTPUT_FILE_0}\"\n";
			showEnvVarsInLog = 0;
		};
		FC04003FE0B3CB8AC1422405 /* [CP] Embed Pods Frameworks */ = {
			isa = PBXShellScriptBuildPhase;
			buildActionMask = 2147483647;
			files = (
			);
			inputFileListPaths = (
				"${PODS_ROOT}/Target Support Files/Pods-CryptoTrackerRxSwift/Pods-CryptoTrackerRxSwift-frameworks-${CONFIGURATION}-input-files.xcfilelist",
			);
			name = "[CP] Embed Pods Frameworks";
			outputFileListPaths = (
				"${PODS_ROOT}/Target Support Files/Pods-CryptoTrackerRxSwift/Pods-CryptoTrackerRxSwift-frameworks-${CONFIGURATION}-output-files.xcfilelist",
			);
			runOnlyForDeploymentPostprocessing = 0;
			shellPath = /bin/sh;
			shellScript = "\"${PODS_ROOT}/Target Support Files/Pods-CryptoTrackerRxSwift/Pods-CryptoTrackerRxSwift-frameworks.sh\"\n";
			showEnvVarsInLog = 0;
		};
/* End PBXShellScriptBuildPhase section */

/* Begin PBXSourcesBuildPhase section */
		93B1C6522D7252E800E790ED /* Sources */ = {
			isa = PBXSourcesBuildPhase;
			buildActionMask = 2147483647;
			files = (
				93B1C65E2D7252E800E790ED /* ViewController.swift in Sources */,
				93B1C65A2D7252E800E790ED /* AppDelegate.swift in Sources */,
				93B1C6922D725A8600E790ED /* R.generated.swift in Sources */,
				93B1C65C2D7252E800E790ED /* SceneDelegate.swift in Sources */,
				93B1C6642D7252E800E790ED /* CryptoTrackerRxSwift.xcdatamodeld in Sources */,
			);
			runOnlyForDeploymentPostprocessing = 0;
		};
		93B1C66B2D7252EA00E790ED /* Sources */ = {
			isa = PBXSourcesBuildPhase;
			buildActionMask = 2147483647;
			files = (
				93B1C6742D7252EA00E790ED /* CryptoTrackerRxSwiftTests.swift in Sources */,
			);
			runOnlyForDeploymentPostprocessing = 0;
		};
		93B1C6752D7252EA00E790ED /* Sources */ = {
			isa = PBXSourcesBuildPhase;
			buildActionMask = 2147483647;
			files = (
				93B1C6802D7252EA00E790ED /* CryptoTrackerRxSwiftUITestsLaunchTests.swift in Sources */,
				93B1C67E2D7252EA00E790ED /* CryptoTrackerRxSwiftUITests.swift in Sources */,
			);
			runOnlyForDeploymentPostprocessing = 0;
		};
/* End PBXSourcesBuildPhase section */

/* Begin PBXTargetDependency section */
		93B1C6712D7252EA00E790ED /* PBXTargetDependency */ = {
			isa = PBXTargetDependency;
			target = 93B1C6552D7252E800E790ED /* CryptoTrackerRxSwift */;
			targetProxy = 93B1C6702D7252EA00E790ED /* PBXContainerItemProxy */;
		};
		93B1C67B2D7252EA00E790ED /* PBXTargetDependency */ = {
			isa = PBXTargetDependency;
			target = 93B1C6552D7252E800E790ED /* CryptoTrackerRxSwift */;
			targetProxy = 93B1C67A2D7252EA00E790ED /* PBXContainerItemProxy */;
		};
/* End PBXTargetDependency section */

/* Begin PBXVariantGroup section */
		93B1C65F2D7252E800E790ED /* Main.storyboard */ = {
			isa = PBXVariantGroup;
			children = (
				93B1C6602D7252E800E790ED /* Base */,
			);
			name = Main.storyboard;
			sourceTree = "<group>";
		};
		93B1C6672D7252EA00E790ED /* LaunchScreen.storyboard */ = {
			isa = PBXVariantGroup;
			children = (
				93B1C6682D7252EA00E790ED /* Base */,
			);
			name = LaunchScreen.storyboard;
			sourceTree = "<group>";
		};
/* End PBXVariantGroup section */

/* Begin XCBuildConfiguration section */
		93B1C6812D7252EA00E790ED /* Debug */ = {
			isa = XCBuildConfiguration;
			buildSettings = {
				ALWAYS_SEARCH_USER_PATHS = NO;
				ASSETCATALOG_COMPILER_GENERATE_SWIFT_ASSET_SYMBOL_EXTENSIONS = YES;
				CLANG_ANALYZER_NONNULL = YES;
				CLANG_ANALYZER_NUMBER_OBJECT_CONVERSION = YES_AGGRESSIVE;
				CLANG_CXX_LANGUAGE_STANDARD = "gnu++20";
				CLANG_ENABLE_MODULES = YES;
				CLANG_ENABLE_OBJC_ARC = YES;
				CLANG_ENABLE_OBJC_WEAK = YES;
				CLANG_WARN_BLOCK_CAPTURE_AUTORELEASING = YES;
				CLANG_WARN_BOOL_CONVERSION = YES;
				CLANG_WARN_COMMA = YES;
				CLANG_WARN_CONSTANT_CONVERSION = YES;
				CLANG_WARN_DEPRECATED_OBJC_IMPLEMENTATIONS = YES;
				CLANG_WARN_DIRECT_OBJC_ISA_USAGE = YES_ERROR;
				CLANG_WARN_DOCUMENTATION_COMMENTS = YES;
				CLANG_WARN_EMPTY_BODY = YES;
				CLANG_WARN_ENUM_CONVERSION = YES;
				CLANG_WARN_INFINITE_RECURSION = YES;
				CLANG_WARN_INT_CONVERSION = YES;
				CLANG_WARN_NON_LITERAL_NULL_CONVERSION = YES;
				CLANG_WARN_OBJC_IMPLICIT_RETAIN_SELF = YES;
				CLANG_WARN_OBJC_LITERAL_CONVERSION = YES;
				CLANG_WARN_OBJC_ROOT_CLASS = YES_ERROR;
				CLANG_WARN_QUOTED_INCLUDE_IN_FRAMEWORK_HEADER = YES;
				CLANG_WARN_RANGE_LOOP_ANALYSIS = YES;
				CLANG_WARN_STRICT_PROTOTYPES = YES;
				CLANG_WARN_SUSPICIOUS_MOVE = YES;
				CLANG_WARN_UNGUARDED_AVAILABILITY = YES_AGGRESSIVE;
				CLANG_WARN_UNREACHABLE_CODE = YES;
				CLANG_WARN__DUPLICATE_METHOD_MATCH = YES;
				COPY_PHASE_STRIP = NO;
				DEBUG_INFORMATION_FORMAT = dwarf;
				ENABLE_STRICT_OBJC_MSGSEND = YES;
				ENABLE_TESTABILITY = YES;
				ENABLE_USER_SCRIPT_SANDBOXING = YES;
				GCC_C_LANGUAGE_STANDARD = gnu17;
				GCC_DYNAMIC_NO_PIC = NO;
				GCC_NO_COMMON_BLOCKS = YES;
				GCC_OPTIMIZATION_LEVEL = 0;
				GCC_PREPROCESSOR_DEFINITIONS = (
					"DEBUG=1",
					"$(inherited)",
				);
				GCC_WARN_64_TO_32_BIT_CONVERSION = YES;
				GCC_WARN_ABOUT_RETURN_TYPE = YES_ERROR;
				GCC_WARN_UNDECLARED_SELECTOR = YES;
				GCC_WARN_UNINITIALIZED_AUTOS = YES_AGGRESSIVE;
				GCC_WARN_UNUSED_FUNCTION = YES;
				GCC_WARN_UNUSED_VARIABLE = YES;
				IPHONEOS_DEPLOYMENT_TARGET = 17.5;
				LOCALIZATION_PREFERS_STRING_CATALOGS = YES;
				MTL_ENABLE_DEBUG_INFO = INCLUDE_SOURCE;
				MTL_FAST_MATH = YES;
				ONLY_ACTIVE_ARCH = YES;
				SDKROOT = iphoneos;
				SWIFT_ACTIVE_COMPILATION_CONDITIONS = "DEBUG $(inherited)";
				SWIFT_OPTIMIZATION_LEVEL = "-Onone";
			};
			name = Debug;
		};
		93B1C6822D7252EA00E790ED /* Release */ = {
			isa = XCBuildConfiguration;
			buildSettings = {
				ALWAYS_SEARCH_USER_PATHS = NO;
				ASSETCATALOG_COMPILER_GENERATE_SWIFT_ASSET_SYMBOL_EXTENSIONS = YES;
				CLANG_ANALYZER_NONNULL = YES;
				CLANG_ANALYZER_NUMBER_OBJECT_CONVERSION = YES_AGGRESSIVE;
				CLANG_CXX_LANGUAGE_STANDARD = "gnu++20";
				CLANG_ENABLE_MODULES = YES;
				CLANG_ENABLE_OBJC_ARC = YES;
				CLANG_ENABLE_OBJC_WEAK = YES;
				CLANG_WARN_BLOCK_CAPTURE_AUTORELEASING = YES;
				CLANG_WARN_BOOL_CONVERSION = YES;
				CLANG_WARN_COMMA = YES;
				CLANG_WARN_CONSTANT_CONVERSION = YES;
				CLANG_WARN_DEPRECATED_OBJC_IMPLEMENTATIONS = YES;
				CLANG_WARN_DIRECT_OBJC_ISA_USAGE = YES_ERROR;
				CLANG_WARN_DOCUMENTATION_COMMENTS = YES;
				CLANG_WARN_EMPTY_BODY = YES;
				CLANG_WARN_ENUM_CONVERSION = YES;
				CLANG_WARN_INFINITE_RECURSION = YES;
				CLANG_WARN_INT_CONVERSION = YES;
				CLANG_WARN_NON_LITERAL_NULL_CONVERSION = YES;
				CLANG_WARN_OBJC_IMPLICIT_RETAIN_SELF = YES;
				CLANG_WARN_OBJC_LITERAL_CONVERSION = YES;
				CLANG_WARN_OBJC_ROOT_CLASS = YES_ERROR;
				CLANG_WARN_QUOTED_INCLUDE_IN_FRAMEWORK_HEADER = YES;
				CLANG_WARN_RANGE_LOOP_ANALYSIS = YES;
				CLANG_WARN_STRICT_PROTOTYPES = YES;
				CLANG_WARN_SUSPICIOUS_MOVE = YES;
				CLANG_WARN_UNGUARDED_AVAILABILITY = YES_AGGRESSIVE;
				CLANG_WARN_UNREACHABLE_CODE = YES;
				CLANG_WARN__DUPLICATE_METHOD_MATCH = YES;
				COPY_PHASE_STRIP = NO;
				DEBUG_INFORMATION_FORMAT = "dwarf-with-dsym";
				ENABLE_NS_ASSERTIONS = NO;
				ENABLE_STRICT_OBJC_MSGSEND = YES;
				ENABLE_USER_SCRIPT_SANDBOXING = YES;
				GCC_C_LANGUAGE_STANDARD = gnu17;
				GCC_NO_COMMON_BLOCKS = YES;
				GCC_WARN_64_TO_32_BIT_CONVERSION = YES;
				GCC_WARN_ABOUT_RETURN_TYPE = YES_ERROR;
				GCC_WARN_UNDECLARED_SELECTOR = YES;
				GCC_WARN_UNINITIALIZED_AUTOS = YES_AGGRESSIVE;
				GCC_WARN_UNUSED_FUNCTION = YES;
				GCC_WARN_UNUSED_VARIABLE = YES;
				IPHONEOS_DEPLOYMENT_TARGET = 17.5;
				LOCALIZATION_PREFERS_STRING_CATALOGS = YES;
				MTL_ENABLE_DEBUG_INFO = NO;
				MTL_FAST_MATH = YES;
				SDKROOT = iphoneos;
				SWIFT_COMPILATION_MODE = wholemodule;
				VALIDATE_PRODUCT = YES;
			};
			name = Release;
		};
		93B1C6842D7252EA00E790ED /* Debug */ = {
			isa = XCBuildConfiguration;
			baseConfigurationReference = 6C87ED3C7C9F31AC2CB47267 /* Pods-CryptoTrackerRxSwift.debug.xcconfig */;
			buildSettings = {
				ASSETCATALOG_COMPILER_APPICON_NAME = AppIcon;
				ASSETCATALOG_COMPILER_GLOBAL_ACCENT_COLOR_NAME = AccentColor;
				CODE_SIGN_STYLE = Automatic;
				CURRENT_PROJECT_VERSION = 1;
				DEVELOPMENT_TEAM = 7F9J66S3LC;
				ENABLE_USER_SCRIPT_SANDBOXING = NO;
				GENERATE_INFOPLIST_FILE = YES;
				INFOPLIST_FILE = CryptoTrackerRxSwift/Info.plist;
				INFOPLIST_KEY_CFBundleDisplayName = CryptoTracker;
				INFOPLIST_KEY_LSApplicationCategoryType = "public.app-category.finance";
				INFOPLIST_KEY_UIApplicationSupportsIndirectInputEvents = YES;
				INFOPLIST_KEY_UILaunchStoryboardName = LaunchScreen;
				INFOPLIST_KEY_UIMainStoryboardFile = Main;
				INFOPLIST_KEY_UISupportedInterfaceOrientations = UIInterfaceOrientationPortrait;
				INFOPLIST_KEY_UISupportedInterfaceOrientations_iPad = "UIInterfaceOrientationLandscapeLeft UIInterfaceOrientationLandscapeRight UIInterfaceOrientationPortrait UIInterfaceOrientationPortraitUpsideDown";
				LD_RUNPATH_SEARCH_PATHS = (
					"$(inherited)",
					"@executable_path/Frameworks",
				);
				MARKETING_VERSION = 1.0;
				PRODUCT_BUNDLE_IDENTIFIER = com.eklyuenkov.CryptoTrackerRxSwift;
				PRODUCT_NAME = "$(TARGET_NAME)";
				SUPPORTED_PLATFORMS = "iphoneos iphonesimulator";
				SUPPORTS_MACCATALYST = NO;
				SUPPORTS_MAC_DESIGNED_FOR_IPHONE_IPAD = NO;
				SUPPORTS_XR_DESIGNED_FOR_IPHONE_IPAD = NO;
				SWIFT_EMIT_LOC_STRINGS = YES;
				SWIFT_VERSION = 5.0;
				TARGETED_DEVICE_FAMILY = 1;
			};
			name = Debug;
		};
		93B1C6852D7252EA00E790ED /* Release */ = {
			isa = XCBuildConfiguration;
			baseConfigurationReference = E8A94FE6C7D22A08FB2D3524 /* Pods-CryptoTrackerRxSwift.release.xcconfig */;
			buildSettings = {
				ASSETCATALOG_COMPILER_APPICON_NAME = AppIcon;
				ASSETCATALOG_COMPILER_GLOBAL_ACCENT_COLOR_NAME = AccentColor;
				CODE_SIGN_STYLE = Automatic;
				CURRENT_PROJECT_VERSION = 1;
				DEVELOPMENT_TEAM = 7F9J66S3LC;
				ENABLE_USER_SCRIPT_SANDBOXING = NO;
				GENERATE_INFOPLIST_FILE = YES;
				INFOPLIST_FILE = CryptoTrackerRxSwift/Info.plist;
				INFOPLIST_KEY_CFBundleDisplayName = CryptoTracker;
				INFOPLIST_KEY_LSApplicationCategoryType = "public.app-category.finance";
				INFOPLIST_KEY_UIApplicationSupportsIndirectInputEvents = YES;
				INFOPLIST_KEY_UILaunchStoryboardName = LaunchScreen;
				INFOPLIST_KEY_UIMainStoryboardFile = Main;
				INFOPLIST_KEY_UISupportedInterfaceOrientations = UIInterfaceOrientationPortrait;
				INFOPLIST_KEY_UISupportedInterfaceOrientations_iPad = "UIInterfaceOrientationLandscapeLeft UIInterfaceOrientationLandscapeRight UIInterfaceOrientationPortrait UIInterfaceOrientationPortraitUpsideDown";
				LD_RUNPATH_SEARCH_PATHS = (
					"$(inherited)",
					"@executable_path/Frameworks",
				);
				MARKETING_VERSION = 1.0;
				PRODUCT_BUNDLE_IDENTIFIER = com.eklyuenkov.CryptoTrackerRxSwift;
				PRODUCT_NAME = "$(TARGET_NAME)";
				SUPPORTED_PLATFORMS = "iphoneos iphonesimulator";
				SUPPORTS_MACCATALYST = NO;
				SUPPORTS_MAC_DESIGNED_FOR_IPHONE_IPAD = NO;
				SUPPORTS_XR_DESIGNED_FOR_IPHONE_IPAD = NO;
				SWIFT_EMIT_LOC_STRINGS = YES;
				SWIFT_VERSION = 5.0;
				TARGETED_DEVICE_FAMILY = 1;
			};
			name = Release;
		};
		93B1C6872D7252EA00E790ED /* Debug */ = {
			isa = XCBuildConfiguration;
			buildSettings = {
				ALWAYS_EMBED_SWIFT_STANDARD_LIBRARIES = YES;
				BUNDLE_LOADER = "$(TEST_HOST)";
				CODE_SIGN_STYLE = Automatic;
				CURRENT_PROJECT_VERSION = 1;
				DEVELOPMENT_TEAM = 7F9J66S3LC;
				GENERATE_INFOPLIST_FILE = YES;
				IPHONEOS_DEPLOYMENT_TARGET = 17.5;
				MARKETING_VERSION = 1.0;
				PRODUCT_BUNDLE_IDENTIFIER = com.eklyuenkov.CryptoTrackerRxSwiftTests;
				PRODUCT_NAME = "$(TARGET_NAME)";
				SWIFT_EMIT_LOC_STRINGS = NO;
				SWIFT_VERSION = 5.0;
				TARGETED_DEVICE_FAMILY = "1,2";
				TEST_HOST = "$(BUILT_PRODUCTS_DIR)/CryptoTrackerRxSwift.app/$(BUNDLE_EXECUTABLE_FOLDER_PATH)/CryptoTrackerRxSwift";
			};
			name = Debug;
		};
		93B1C6882D7252EA00E790ED /* Release */ = {
			isa = XCBuildConfiguration;
			buildSettings = {
				ALWAYS_EMBED_SWIFT_STANDARD_LIBRARIES = YES;
				BUNDLE_LOADER = "$(TEST_HOST)";
				CODE_SIGN_STYLE = Automatic;
				CURRENT_PROJECT_VERSION = 1;
				DEVELOPMENT_TEAM = 7F9J66S3LC;
				GENERATE_INFOPLIST_FILE = YES;
				IPHONEOS_DEPLOYMENT_TARGET = 17.5;
				MARKETING_VERSION = 1.0;
				PRODUCT_BUNDLE_IDENTIFIER = com.eklyuenkov.CryptoTrackerRxSwiftTests;
				PRODUCT_NAME = "$(TARGET_NAME)";
				SWIFT_EMIT_LOC_STRINGS = NO;
				SWIFT_VERSION = 5.0;
				TARGETED_DEVICE_FAMILY = "1,2";
				TEST_HOST = "$(BUILT_PRODUCTS_DIR)/CryptoTrackerRxSwift.app/$(BUNDLE_EXECUTABLE_FOLDER_PATH)/CryptoTrackerRxSwift";
			};
			name = Release;
		};
		93B1C68A2D7252EA00E790ED /* Debug */ = {
			isa = XCBuildConfiguration;
			buildSettings = {
				ALWAYS_EMBED_SWIFT_STANDARD_LIBRARIES = YES;
				CODE_SIGN_STYLE = Automatic;
				CURRENT_PROJECT_VERSION = 1;
				DEVELOPMENT_TEAM = 7F9J66S3LC;
				GENERATE_INFOPLIST_FILE = YES;
				MARKETING_VERSION = 1.0;
				PRODUCT_BUNDLE_IDENTIFIER = com.eklyuenkov.CryptoTrackerRxSwiftUITests;
				PRODUCT_NAME = "$(TARGET_NAME)";
				SWIFT_EMIT_LOC_STRINGS = NO;
				SWIFT_VERSION = 5.0;
				TARGETED_DEVICE_FAMILY = "1,2";
				TEST_TARGET_NAME = CryptoTrackerRxSwift;
			};
			name = Debug;
		};
		93B1C68B2D7252EA00E790ED /* Release */ = {
			isa = XCBuildConfiguration;
			buildSettings = {
				ALWAYS_EMBED_SWIFT_STANDARD_LIBRARIES = YES;
				CODE_SIGN_STYLE = Automatic;
				CURRENT_PROJECT_VERSION = 1;
				DEVELOPMENT_TEAM = 7F9J66S3LC;
				GENERATE_INFOPLIST_FILE = YES;
				MARKETING_VERSION = 1.0;
				PRODUCT_BUNDLE_IDENTIFIER = com.eklyuenkov.CryptoTrackerRxSwiftUITests;
				PRODUCT_NAME = "$(TARGET_NAME)";
				SWIFT_EMIT_LOC_STRINGS = NO;
				SWIFT_VERSION = 5.0;
				TARGETED_DEVICE_FAMILY = "1,2";
				TEST_TARGET_NAME = CryptoTrackerRxSwift;
			};
			name = Release;
		};
/* End XCBuildConfiguration section */

/* Begin XCConfigurationList section */
		93B1C6512D7252E800E790ED /* Build configuration list for PBXProject "CryptoTrackerRxSwift" */ = {
			isa = XCConfigurationList;
			buildConfigurations = (
				93B1C6812D7252EA00E790ED /* Debug */,
				93B1C6822D7252EA00E790ED /* Release */,
			);
			defaultConfigurationIsVisible = 0;
			defaultConfigurationName = Release;
		};
		93B1C6832D7252EA00E790ED /* Build configuration list for PBXNativeTarget "CryptoTrackerRxSwift" */ = {
			isa = XCConfigurationList;
			buildConfigurations = (
				93B1C6842D7252EA00E790ED /* Debug */,
				93B1C6852D7252EA00E790ED /* Release */,
			);
			defaultConfigurationIsVisible = 0;
			defaultConfigurationName = Release;
		};
		93B1C6862D7252EA00E790ED /* Build configuration list for PBXNativeTarget "CryptoTrackerRxSwiftTests" */ = {
			isa = XCConfigurationList;
			buildConfigurations = (
				93B1C6872D7252EA00E790ED /* Debug */,
				93B1C6882D7252EA00E790ED /* Release */,
			);
			defaultConfigurationIsVisible = 0;
			defaultConfigurationName = Release;
		};
		93B1C6892D7252EA00E790ED /* Build configuration list for PBXNativeTarget "CryptoTrackerRxSwiftUITests" */ = {
			isa = XCConfigurationList;
			buildConfigurations = (
				93B1C68A2D7252EA00E790ED /* Debug */,
				93B1C68B2D7252EA00E790ED /* Release */,
			);
			defaultConfigurationIsVisible = 0;
			defaultConfigurationName = Release;
		};
/* End XCConfigurationList section */

/* Begin XCVersionGroup section */
		93B1C6622D7252E800E790ED /* CryptoTrackerRxSwift.xcdatamodeld */ = {
			isa = XCVersionGroup;
			children = (
				93B1C6632D7252E800E790ED /* CryptoTrackerRxSwift.xcdatamodel */,
			);
			currentVersion = 93B1C6632D7252E800E790ED /* CryptoTrackerRxSwift.xcdatamodel */;
			path = CryptoTrackerRxSwift.xcdatamodeld;
			sourceTree = "<group>";
			versionGroupType = wrapper.xcdatamodel;
		};
/* End XCVersionGroup section */
	};
	rootObject = 93B1C64E2D7252E800E790ED /* Project object */;
}
